// !$*UTF8*$!
{
	archiveVersion = 1;
	classes = {
	};
	objectVersion = 50;
	objects = {

/* Begin PBXBuildFile section */
		BA53736120D3F6A000B098E1 /* AppDelegate.swift in Sources */ = {isa = PBXBuildFile; fileRef = BA53736020D3F6A000B098E1 /* AppDelegate.swift */; };
		BA53736820D3F6A200B098E1 /* Assets.xcassets in Resources */ = {isa = PBXBuildFile; fileRef = BA53736720D3F6A200B098E1 /* Assets.xcassets */; };
		BA53736B20D3F6A200B098E1 /* LaunchScreen.storyboard in Resources */ = {isa = PBXBuildFile; fileRef = BA53736920D3F6A200B098E1 /* LaunchScreen.storyboard */; };
		BA53739020D4249800B098E1 /* NetworkRequest.swift in Sources */ = {isa = PBXBuildFile; fileRef = BA53738F20D4249800B098E1 /* NetworkRequest.swift */; };
		BA53739320D42A5F00B098E1 /* GistRequest.swift in Sources */ = {isa = PBXBuildFile; fileRef = BA53739220D42A5F00B098E1 /* GistRequest.swift */; };
		BA53739520D439F100B098E1 /* NetworkService.swift in Sources */ = {isa = PBXBuildFile; fileRef = BA53739420D439F100B098E1 /* NetworkService.swift */; };
		BA53739A20D43F8000B098E1 /* Config.swift in Sources */ = {isa = PBXBuildFile; fileRef = BA53739920D43F8000B098E1 /* Config.swift */; };
		BA53739C20D4402700B098E1 /* GistNetworkService.swift in Sources */ = {isa = PBXBuildFile; fileRef = BA53739B20D4402700B098E1 /* GistNetworkService.swift */; };
		BA53739E20D443C700B098E1 /* NetworkError.swift in Sources */ = {isa = PBXBuildFile; fileRef = BA53739D20D443C700B098E1 /* NetworkError.swift */; };
		BA5373A520D5498C00B098E1 /* Gist.swift in Sources */ = {isa = PBXBuildFile; fileRef = BA5373A420D5498C00B098E1 /* Gist.swift */; };
		BA5373A720D54DDA00B098E1 /* User.swift in Sources */ = {isa = PBXBuildFile; fileRef = BA5373A620D54DDA00B098E1 /* User.swift */; };
		BA5373AC20D552F500B098E1 /* Localizable.strings in Resources */ = {isa = PBXBuildFile; fileRef = BA5373AE20D552F500B098E1 /* Localizable.strings */; };
		BA5373B120D5538800B098E1 /* String+Localizible.swift in Sources */ = {isa = PBXBuildFile; fileRef = BA5373B020D5538800B098E1 /* String+Localizible.swift */; };
		BA5373B420D55F8400B098E1 /* ModelMaker.swift in Sources */ = {isa = PBXBuildFile; fileRef = BA5373B320D55F8400B098E1 /* ModelMaker.swift */; };
		BA5DAD4720D565E600F919E4 /* GistsListViewController.swift in Sources */ = {isa = PBXBuildFile; fileRef = BA5DAD4520D565E600F919E4 /* GistsListViewController.swift */; };
		BA5DAD4820D565E600F919E4 /* GistsListViewController.xib in Resources */ = {isa = PBXBuildFile; fileRef = BA5DAD4620D565E600F919E4 /* GistsListViewController.xib */; };
		BA5DAD5220D56D2500F919E4 /* GistsListAssembly.swift in Sources */ = {isa = PBXBuildFile; fileRef = BA5DAD5120D56D2500F919E4 /* GistsListAssembly.swift */; };
		BA5DAD5520D56D5F00F919E4 /* GistsListView.swift in Sources */ = {isa = PBXBuildFile; fileRef = BA5DAD5420D56D5F00F919E4 /* GistsListView.swift */; };
		BA5DAD5720D56E8100F919E4 /* GistsListPresenterProtocol.swift in Sources */ = {isa = PBXBuildFile; fileRef = BA5DAD5620D56E8100F919E4 /* GistsListPresenterProtocol.swift */; };
		BA5DAD5920D56E8D00F919E4 /* GistsListPresenter.swift in Sources */ = {isa = PBXBuildFile; fileRef = BA5DAD5820D56E8D00F919E4 /* GistsListPresenter.swift */; };
		BA5DAD5F20D652AC00F919E4 /* DataProvider.swift in Sources */ = {isa = PBXBuildFile; fileRef = BA5DAD5E20D652AC00F919E4 /* DataProvider.swift */; };
		BA5DAD6520D6652100F919E4 /* GistTableViewCell.swift in Sources */ = {isa = PBXBuildFile; fileRef = BA5DAD6320D6652100F919E4 /* GistTableViewCell.swift */; };
		BA5DAD6620D6652100F919E4 /* GistTableViewCell.xib in Resources */ = {isa = PBXBuildFile; fileRef = BA5DAD6420D6652100F919E4 /* GistTableViewCell.xib */; };
		BA5DAD6820D6694A00F919E4 /* UITableViewCell+CellIdentifier.swift in Sources */ = {isa = PBXBuildFile; fileRef = BA5DAD6720D6694A00F919E4 /* UITableViewCell+CellIdentifier.swift */; };
		BA5DAD6B20D6712A00F919E4 /* ImageProvider.swift in Sources */ = {isa = PBXBuildFile; fileRef = BA5DAD6A20D6712A00F919E4 /* ImageProvider.swift */; };
		BA5DAD6E20D6758B00F919E4 /* ImageRequest.swift in Sources */ = {isa = PBXBuildFile; fileRef = BA5DAD6D20D6758B00F919E4 /* ImageRequest.swift */; };
		BA5DAD7320D681D400F919E4 /* DetailGistViewController.swift in Sources */ = {isa = PBXBuildFile; fileRef = BA5DAD7120D681D400F919E4 /* DetailGistViewController.swift */; };
		BA5DAD7420D681D400F919E4 /* DetailGistViewController.xib in Resources */ = {isa = PBXBuildFile; fileRef = BA5DAD7220D681D400F919E4 /* DetailGistViewController.xib */; };
		BA5DAD7620D6822600F919E4 /* DetailGistView.swift in Sources */ = {isa = PBXBuildFile; fileRef = BA5DAD7520D6822600F919E4 /* DetailGistView.swift */; };
		BA5DAD7820D6827F00F919E4 /* DetailGistPresenterProtocol.swift in Sources */ = {isa = PBXBuildFile; fileRef = BA5DAD7720D6827F00F919E4 /* DetailGistPresenterProtocol.swift */; };
		BA5DAD7A20D682AD00F919E4 /* DetailGistPresenter.swift in Sources */ = {isa = PBXBuildFile; fileRef = BA5DAD7920D682AD00F919E4 /* DetailGistPresenter.swift */; };
		BA5DAD7C20D6847800F919E4 /* DetailGistAssembly.swift in Sources */ = {isa = PBXBuildFile; fileRef = BA5DAD7B20D6847800F919E4 /* DetailGistAssembly.swift */; };
		BA5DAD7E20D6875300F919E4 /* Router.swift in Sources */ = {isa = PBXBuildFile; fileRef = BA5DAD7D20D6875300F919E4 /* Router.swift */; };
		BA5DAD8020D68ACD00F919E4 /* Assembly.swift in Sources */ = {isa = PBXBuildFile; fileRef = BA5DAD7F20D68ACD00F919E4 /* Assembly.swift */; };
/* End PBXBuildFile section */

/* Begin PBXContainerItemProxy section */
		BA53737220D3F6A200B098E1 /* PBXContainerItemProxy */ = {
			isa = PBXContainerItemProxy;
			containerPortal = BA53735520D3F6A000B098E1 /* Project object */;
			proxyType = 1;
			remoteGlobalIDString = BA53735C20D3F6A000B098E1;
			remoteInfo = GHGistsViewer;
		};
/* End PBXContainerItemProxy section */

/* Begin PBXFileReference section */
		BA53735D20D3F6A000B098E1 /* GHGistsViewer.app */ = {isa = PBXFileReference; explicitFileType = wrapper.application; includeInIndex = 0; path = GHGistsViewer.app; sourceTree = BUILT_PRODUCTS_DIR; };
		BA53736020D3F6A000B098E1 /* AppDelegate.swift */ = {isa = PBXFileReference; lastKnownFileType = sourcecode.swift; path = AppDelegate.swift; sourceTree = "<group>"; };
		BA53736720D3F6A200B098E1 /* Assets.xcassets */ = {isa = PBXFileReference; lastKnownFileType = folder.assetcatalog; path = Assets.xcassets; sourceTree = "<group>"; };
		BA53736A20D3F6A200B098E1 /* Base */ = {isa = PBXFileReference; lastKnownFileType = file.storyboard; name = Base; path = Base.lproj/LaunchScreen.storyboard; sourceTree = "<group>"; };
		BA53736C20D3F6A200B098E1 /* Info.plist */ = {isa = PBXFileReference; lastKnownFileType = text.plist.xml; path = Info.plist; sourceTree = "<group>"; };
		BA53737120D3F6A200B098E1 /* GHGistsViewerTests.xctest */ = {isa = PBXFileReference; explicitFileType = wrapper.cfbundle; includeInIndex = 0; path = GHGistsViewerTests.xctest; sourceTree = BUILT_PRODUCTS_DIR; };
		BA53737720D3F6A200B098E1 /* Info.plist */ = {isa = PBXFileReference; lastKnownFileType = text.plist.xml; path = Info.plist; sourceTree = "<group>"; };
		BA53738F20D4249800B098E1 /* NetworkRequest.swift */ = {isa = PBXFileReference; lastKnownFileType = sourcecode.swift; path = NetworkRequest.swift; sourceTree = "<group>"; };
		BA53739220D42A5F00B098E1 /* GistRequest.swift */ = {isa = PBXFileReference; lastKnownFileType = sourcecode.swift; path = GistRequest.swift; sourceTree = "<group>"; };
		BA53739420D439F100B098E1 /* NetworkService.swift */ = {isa = PBXFileReference; lastKnownFileType = sourcecode.swift; path = NetworkService.swift; sourceTree = "<group>"; };
		BA53739920D43F8000B098E1 /* Config.swift */ = {isa = PBXFileReference; lastKnownFileType = sourcecode.swift; path = Config.swift; sourceTree = "<group>"; };
		BA53739B20D4402700B098E1 /* GistNetworkService.swift */ = {isa = PBXFileReference; lastKnownFileType = sourcecode.swift; path = GistNetworkService.swift; sourceTree = "<group>"; };
		BA53739D20D443C700B098E1 /* NetworkError.swift */ = {isa = PBXFileReference; lastKnownFileType = sourcecode.swift; path = NetworkError.swift; sourceTree = "<group>"; };
		BA5373A420D5498C00B098E1 /* Gist.swift */ = {isa = PBXFileReference; lastKnownFileType = sourcecode.swift; path = Gist.swift; sourceTree = "<group>"; };
		BA5373A620D54DDA00B098E1 /* User.swift */ = {isa = PBXFileReference; lastKnownFileType = sourcecode.swift; path = User.swift; sourceTree = "<group>"; };
		BA5373AD20D552F500B098E1 /* en */ = {isa = PBXFileReference; lastKnownFileType = text.plist.strings; name = en; path = en.lproj/Localizable.strings; sourceTree = "<group>"; };
		BA5373B020D5538800B098E1 /* String+Localizible.swift */ = {isa = PBXFileReference; lastKnownFileType = sourcecode.swift; path = "String+Localizible.swift"; sourceTree = "<group>"; };
		BA5373B320D55F8400B098E1 /* ModelMaker.swift */ = {isa = PBXFileReference; lastKnownFileType = sourcecode.swift; path = ModelMaker.swift; sourceTree = "<group>"; };
		BA5DAD4520D565E600F919E4 /* GistsListViewController.swift */ = {isa = PBXFileReference; lastKnownFileType = sourcecode.swift; path = GistsListViewController.swift; sourceTree = "<group>"; };
		BA5DAD4620D565E600F919E4 /* GistsListViewController.xib */ = {isa = PBXFileReference; lastKnownFileType = file.xib; path = GistsListViewController.xib; sourceTree = "<group>"; };
		BA5DAD5120D56D2500F919E4 /* GistsListAssembly.swift */ = {isa = PBXFileReference; lastKnownFileType = sourcecode.swift; path = GistsListAssembly.swift; sourceTree = "<group>"; };
		BA5DAD5420D56D5F00F919E4 /* GistsListView.swift */ = {isa = PBXFileReference; lastKnownFileType = sourcecode.swift; path = GistsListView.swift; sourceTree = "<group>"; };
		BA5DAD5620D56E8100F919E4 /* GistsListPresenterProtocol.swift */ = {isa = PBXFileReference; lastKnownFileType = sourcecode.swift; path = GistsListPresenterProtocol.swift; sourceTree = "<group>"; };
		BA5DAD5820D56E8D00F919E4 /* GistsListPresenter.swift */ = {isa = PBXFileReference; lastKnownFileType = sourcecode.swift; path = GistsListPresenter.swift; sourceTree = "<group>"; };
		BA5DAD5E20D652AC00F919E4 /* DataProvider.swift */ = {isa = PBXFileReference; lastKnownFileType = sourcecode.swift; path = DataProvider.swift; sourceTree = "<group>"; };
		BA5DAD6320D6652100F919E4 /* GistTableViewCell.swift */ = {isa = PBXFileReference; lastKnownFileType = sourcecode.swift; path = GistTableViewCell.swift; sourceTree = "<group>"; };
		BA5DAD6420D6652100F919E4 /* GistTableViewCell.xib */ = {isa = PBXFileReference; lastKnownFileType = file.xib; path = GistTableViewCell.xib; sourceTree = "<group>"; };
		BA5DAD6720D6694A00F919E4 /* UITableViewCell+CellIdentifier.swift */ = {isa = PBXFileReference; lastKnownFileType = sourcecode.swift; path = "UITableViewCell+CellIdentifier.swift"; sourceTree = "<group>"; };
		BA5DAD6A20D6712A00F919E4 /* ImageProvider.swift */ = {isa = PBXFileReference; lastKnownFileType = sourcecode.swift; path = ImageProvider.swift; sourceTree = "<group>"; };
		BA5DAD6D20D6758B00F919E4 /* ImageRequest.swift */ = {isa = PBXFileReference; lastKnownFileType = sourcecode.swift; path = ImageRequest.swift; sourceTree = "<group>"; };
		BA5DAD7120D681D400F919E4 /* DetailGistViewController.swift */ = {isa = PBXFileReference; lastKnownFileType = sourcecode.swift; path = DetailGistViewController.swift; sourceTree = "<group>"; };
		BA5DAD7220D681D400F919E4 /* DetailGistViewController.xib */ = {isa = PBXFileReference; lastKnownFileType = file.xib; path = DetailGistViewController.xib; sourceTree = "<group>"; };
		BA5DAD7520D6822600F919E4 /* DetailGistView.swift */ = {isa = PBXFileReference; lastKnownFileType = sourcecode.swift; path = DetailGistView.swift; sourceTree = "<group>"; };
		BA5DAD7720D6827F00F919E4 /* DetailGistPresenterProtocol.swift */ = {isa = PBXFileReference; lastKnownFileType = sourcecode.swift; path = DetailGistPresenterProtocol.swift; sourceTree = "<group>"; };
		BA5DAD7920D682AD00F919E4 /* DetailGistPresenter.swift */ = {isa = PBXFileReference; lastKnownFileType = sourcecode.swift; path = DetailGistPresenter.swift; sourceTree = "<group>"; };
		BA5DAD7B20D6847800F919E4 /* DetailGistAssembly.swift */ = {isa = PBXFileReference; lastKnownFileType = sourcecode.swift; path = DetailGistAssembly.swift; sourceTree = "<group>"; };
		BA5DAD7D20D6875300F919E4 /* Router.swift */ = {isa = PBXFileReference; lastKnownFileType = sourcecode.swift; path = Router.swift; sourceTree = "<group>"; };
		BA5DAD7F20D68ACD00F919E4 /* Assembly.swift */ = {isa = PBXFileReference; lastKnownFileType = sourcecode.swift; path = Assembly.swift; sourceTree = "<group>"; };
/* End PBXFileReference section */

/* Begin PBXFrameworksBuildPhase section */
		BA53735A20D3F6A000B098E1 /* Frameworks */ = {
			isa = PBXFrameworksBuildPhase;
			buildActionMask = 2147483647;
			files = (
			);
			runOnlyForDeploymentPostprocessing = 0;
		};
		BA53736E20D3F6A200B098E1 /* Frameworks */ = {
			isa = PBXFrameworksBuildPhase;
			buildActionMask = 2147483647;
			files = (
			);
			runOnlyForDeploymentPostprocessing = 0;
		};
/* End PBXFrameworksBuildPhase section */

/* Begin PBXGroup section */
		BA53735420D3F6A000B098E1 = {
			isa = PBXGroup;
			children = (
				BA53735F20D3F6A000B098E1 /* GHGistsViewer */,
				BA53737420D3F6A200B098E1 /* GHGistsViewerTests */,
				BA53735E20D3F6A000B098E1 /* Products */,
			);
			sourceTree = "<group>";
		};
		BA53735E20D3F6A000B098E1 /* Products */ = {
			isa = PBXGroup;
			children = (
				BA53735D20D3F6A000B098E1 /* GHGistsViewer.app */,
				BA53737120D3F6A200B098E1 /* GHGistsViewerTests.xctest */,
			);
			name = Products;
			sourceTree = "<group>";
		};
		BA53735F20D3F6A000B098E1 /* GHGistsViewer */ = {
			isa = PBXGroup;
			children = (
				BA5373A820D5528800B098E1 /* Resources */,
				BA53738820D405D300B098E1 /* Source */,
				BA53736020D3F6A000B098E1 /* AppDelegate.swift */,
				BA53736720D3F6A200B098E1 /* Assets.xcassets */,
				BA53736920D3F6A200B098E1 /* LaunchScreen.storyboard */,
				BA53736C20D3F6A200B098E1 /* Info.plist */,
			);
			path = GHGistsViewer;
			sourceTree = "<group>";
		};
		BA53737420D3F6A200B098E1 /* GHGistsViewerTests */ = {
			isa = PBXGroup;
			children = (
				BA53737720D3F6A200B098E1 /* Info.plist */,
			);
			path = GHGistsViewerTests;
			sourceTree = "<group>";
		};
		BA53738820D405D300B098E1 /* Source */ = {
			isa = PBXGroup;
			children = (
				BA53739820D43F6E00B098E1 /* Helpers */,
				BA53738A20D405ED00B098E1 /* PresentationLayer */,
				BA53738920D405DD00B098E1 /* ServiceLayer */,
				BA5373A220D5495500B098E1 /* BusinessLayer */,
			);
			path = Source;
			sourceTree = "<group>";
		};
		BA53738920D405DD00B098E1 /* ServiceLayer */ = {
			isa = PBXGroup;
			children = (
				BA53738F20D4249800B098E1 /* NetworkRequest.swift */,
				BA53739D20D443C700B098E1 /* NetworkError.swift */,
				BA53739420D439F100B098E1 /* NetworkService.swift */,
				BA53739120D42A3A00B098E1 /* Gists */,
				BA5DAD6C20D6757A00F919E4 /* Image */,
				BA53739B20D4402700B098E1 /* GistNetworkService.swift */,
			);
			path = ServiceLayer;
			sourceTree = "<group>";
		};
		BA53738A20D405ED00B098E1 /* PresentationLayer */ = {
			isa = PBXGroup;
			children = (
				BA5DAD7F20D68ACD00F919E4 /* Assembly.swift */,
				BA53738C20D4061F00B098E1 /* Gists */,
			);
			path = PresentationLayer;
			sourceTree = "<group>";
		};
		BA53738C20D4061F00B098E1 /* Gists */ = {
			isa = PBXGroup;
			children = (
				BA53738E20D4064D00B098E1 /* DetailGist */,
				BA53738D20D4063800B098E1 /* GistsList */,
			);
			path = Gists;
			sourceTree = "<group>";
		};
		BA53738D20D4063800B098E1 /* GistsList */ = {
			isa = PBXGroup;
			children = (
				BA5DAD5120D56D2500F919E4 /* GistsListAssembly.swift */,
				BA5DAD4420D5653400F919E4 /* View */,
				BA5DAD5320D56D3F00F919E4 /* Presenter */,
			);
			path = GistsList;
			sourceTree = "<group>";
		};
		BA53738E20D4064D00B098E1 /* DetailGist */ = {
			isa = PBXGroup;
			children = (
				BA5DAD7B20D6847800F919E4 /* DetailGistAssembly.swift */,
				BA5DAD7020D681B800F919E4 /* Presenter */,
				BA5DAD6F20D681B000F919E4 /* View */,
			);
			path = DetailGist;
			sourceTree = "<group>";
		};
		BA53739120D42A3A00B098E1 /* Gists */ = {
			isa = PBXGroup;
			children = (
				BA53739220D42A5F00B098E1 /* GistRequest.swift */,
			);
			path = Gists;
			sourceTree = "<group>";
		};
		BA53739820D43F6E00B098E1 /* Helpers */ = {
			isa = PBXGroup;
			children = (
				BA5373AF20D5537800B098E1 /* Extensions */,
				BA53739920D43F8000B098E1 /* Config.swift */,
			);
			path = Helpers;
			sourceTree = "<group>";
		};
		BA5373A220D5495500B098E1 /* BusinessLayer */ = {
			isa = PBXGroup;
			children = (
				BA5DAD7D20D6875300F919E4 /* Router.swift */,
				BA5DAD6920D6711000F919E4 /* ImageProvider */,
				BA5DAD5D20D6525800F919E4 /* DataProvider */,
				BA5373B220D55F6B00B098E1 /* Model */,
				BA5373A320D5497400B098E1 /* Entity */,
			);
			path = BusinessLayer;
			sourceTree = "<group>";
		};
		BA5373A320D5497400B098E1 /* Entity */ = {
			isa = PBXGroup;
			children = (
				BA5373A420D5498C00B098E1 /* Gist.swift */,
				BA5373A620D54DDA00B098E1 /* User.swift */,
			);
			path = Entity;
			sourceTree = "<group>";
		};
		BA5373A820D5528800B098E1 /* Resources */ = {
			isa = PBXGroup;
			children = (
				BA5373A920D5529000B098E1 /* Localization */,
			);
			path = Resources;
			sourceTree = "<group>";
		};
		BA5373A920D5529000B098E1 /* Localization */ = {
			isa = PBXGroup;
			children = (
				BA5373AE20D552F500B098E1 /* Localizable.strings */,
			);
			path = Localization;
			sourceTree = "<group>";
		};
		BA5373AF20D5537800B098E1 /* Extensions */ = {
			isa = PBXGroup;
			children = (
				BA5373B020D5538800B098E1 /* String+Localizible.swift */,
				BA5DAD6720D6694A00F919E4 /* UITableViewCell+CellIdentifier.swift */,
			);
			path = Extensions;
			sourceTree = "<group>";
		};
		BA5373B220D55F6B00B098E1 /* Model */ = {
			isa = PBXGroup;
			children = (
				BA5373B320D55F8400B098E1 /* ModelMaker.swift */,
			);
			path = Model;
			sourceTree = "<group>";
		};
		BA5DAD4420D5653400F919E4 /* View */ = {
			isa = PBXGroup;
			children = (
				BA5DAD6020D664DE00F919E4 /* Cell */,
				BA5DAD5420D56D5F00F919E4 /* GistsListView.swift */,
				BA5DAD4520D565E600F919E4 /* GistsListViewController.swift */,
				BA5DAD4620D565E600F919E4 /* GistsListViewController.xib */,
			);
			path = View;
			sourceTree = "<group>";
		};
		BA5DAD5320D56D3F00F919E4 /* Presenter */ = {
			isa = PBXGroup;
			children = (
				BA5DAD5620D56E8100F919E4 /* GistsListPresenterProtocol.swift */,
				BA5DAD5820D56E8D00F919E4 /* GistsListPresenter.swift */,
			);
			path = Presenter;
			sourceTree = "<group>";
		};
		BA5DAD5D20D6525800F919E4 /* DataProvider */ = {
			isa = PBXGroup;
			children = (
				BA5DAD5E20D652AC00F919E4 /* DataProvider.swift */,
			);
			path = DataProvider;
			sourceTree = "<group>";
		};
		BA5DAD6020D664DE00F919E4 /* Cell */ = {
			isa = PBXGroup;
			children = (
				BA5DAD6320D6652100F919E4 /* GistTableViewCell.swift */,
				BA5DAD6420D6652100F919E4 /* GistTableViewCell.xib */,
			);
			path = Cell;
			sourceTree = "<group>";
		};
		BA5DAD6920D6711000F919E4 /* ImageProvider */ = {
			isa = PBXGroup;
			children = (
				BA5DAD6A20D6712A00F919E4 /* ImageProvider.swift */,
			);
			path = ImageProvider;
			sourceTree = "<group>";
		};
		BA5DAD6C20D6757A00F919E4 /* Image */ = {
			isa = PBXGroup;
			children = (
				BA5DAD6D20D6758B00F919E4 /* ImageRequest.swift */,
			);
			path = Image;
			sourceTree = "<group>";
		};
		BA5DAD6F20D681B000F919E4 /* View */ = {
			isa = PBXGroup;
			children = (
				BA5DAD7520D6822600F919E4 /* DetailGistView.swift */,
				BA5DAD7120D681D400F919E4 /* DetailGistViewController.swift */,
				BA5DAD7220D681D400F919E4 /* DetailGistViewController.xib */,
			);
			path = View;
			sourceTree = "<group>";
		};
		BA5DAD7020D681B800F919E4 /* Presenter */ = {
			isa = PBXGroup;
			children = (
				BA5DAD7720D6827F00F919E4 /* DetailGistPresenterProtocol.swift */,
				BA5DAD7920D682AD00F919E4 /* DetailGistPresenter.swift */,
			);
			path = Presenter;
			sourceTree = "<group>";
		};
/* End PBXGroup section */

/* Begin PBXNativeTarget section */
		BA53735C20D3F6A000B098E1 /* GHGistsViewer */ = {
			isa = PBXNativeTarget;
			buildConfigurationList = BA53737A20D3F6A200B098E1 /* Build configuration list for PBXNativeTarget "GHGistsViewer" */;
			buildPhases = (
				BA53735920D3F6A000B098E1 /* Sources */,
				BA53735A20D3F6A000B098E1 /* Frameworks */,
				BA53735B20D3F6A000B098E1 /* Resources */,
			);
			buildRules = (
			);
			dependencies = (
			);
			name = GHGistsViewer;
			productName = GHGistsViewer;
			productReference = BA53735D20D3F6A000B098E1 /* GHGistsViewer.app */;
			productType = "com.apple.product-type.application";
		};
		BA53737020D3F6A200B098E1 /* GHGistsViewerTests */ = {
			isa = PBXNativeTarget;
			buildConfigurationList = BA53737D20D3F6A200B098E1 /* Build configuration list for PBXNativeTarget "GHGistsViewerTests" */;
			buildPhases = (
				BA53736D20D3F6A200B098E1 /* Sources */,
				BA53736E20D3F6A200B098E1 /* Frameworks */,
				BA53736F20D3F6A200B098E1 /* Resources */,
			);
			buildRules = (
			);
			dependencies = (
				BA53737320D3F6A200B098E1 /* PBXTargetDependency */,
			);
			name = GHGistsViewerTests;
			productName = GHGistsViewerTests;
			productReference = BA53737120D3F6A200B098E1 /* GHGistsViewerTests.xctest */;
			productType = "com.apple.product-type.bundle.unit-test";
		};
/* End PBXNativeTarget section */

/* Begin PBXProject section */
		BA53735520D3F6A000B098E1 /* Project object */ = {
			isa = PBXProject;
			attributes = {
				LastSwiftUpdateCheck = 0940;
				LastUpgradeCheck = 0940;
				ORGANIZATIONNAME = "Your Mother Lover";
				TargetAttributes = {
					BA53735C20D3F6A000B098E1 = {
						CreatedOnToolsVersion = 9.4.1;
					};
					BA53737020D3F6A200B098E1 = {
						CreatedOnToolsVersion = 9.4.1;
						TestTargetID = BA53735C20D3F6A000B098E1;
					};
				};
			};
			buildConfigurationList = BA53735820D3F6A000B098E1 /* Build configuration list for PBXProject "GHGistsViewer" */;
			compatibilityVersion = "Xcode 9.3";
			developmentRegion = en;
			hasScannedForEncodings = 0;
			knownRegions = (
				en,
				Base,
			);
			mainGroup = BA53735420D3F6A000B098E1;
			productRefGroup = BA53735E20D3F6A000B098E1 /* Products */;
			projectDirPath = "";
			projectRoot = "";
			targets = (
				BA53735C20D3F6A000B098E1 /* GHGistsViewer */,
				BA53737020D3F6A200B098E1 /* GHGistsViewerTests */,
			);
		};
/* End PBXProject section */

/* Begin PBXResourcesBuildPhase section */
		BA53735B20D3F6A000B098E1 /* Resources */ = {
			isa = PBXResourcesBuildPhase;
			buildActionMask = 2147483647;
			files = (
				BA53736B20D3F6A200B098E1 /* LaunchScreen.storyboard in Resources */,
				BA5DAD4820D565E600F919E4 /* GistsListViewController.xib in Resources */,
				BA53736820D3F6A200B098E1 /* Assets.xcassets in Resources */,
				BA5373AC20D552F500B098E1 /* Localizable.strings in Resources */,
				BA5DAD7420D681D400F919E4 /* DetailGistViewController.xib in Resources */,
				BA5DAD6620D6652100F919E4 /* GistTableViewCell.xib in Resources */,
			);
			runOnlyForDeploymentPostprocessing = 0;
		};
		BA53736F20D3F6A200B098E1 /* Resources */ = {
			isa = PBXResourcesBuildPhase;
			buildActionMask = 2147483647;
			files = (
			);
			runOnlyForDeploymentPostprocessing = 0;
		};
/* End PBXResourcesBuildPhase section */

/* Begin PBXSourcesBuildPhase section */
		BA53735920D3F6A000B098E1 /* Sources */ = {
			isa = PBXSourcesBuildPhase;
			buildActionMask = 2147483647;
			files = (
				BA5DAD7820D6827F00F919E4 /* DetailGistPresenterProtocol.swift in Sources */,
				BA5DAD6B20D6712A00F919E4 /* ImageProvider.swift in Sources */,
				BA53739C20D4402700B098E1 /* GistNetworkService.swift in Sources */,
				BA5DAD6820D6694A00F919E4 /* UITableViewCell+CellIdentifier.swift in Sources */,
				BA5DAD7E20D6875300F919E4 /* Router.swift in Sources */,
				BA5DAD5920D56E8D00F919E4 /* GistsListPresenter.swift in Sources */,
				BA5DAD4720D565E600F919E4 /* GistsListViewController.swift in Sources */,
				BA53739E20D443C700B098E1 /* NetworkError.swift in Sources */,
				BA5DAD6520D6652100F919E4 /* GistTableViewCell.swift in Sources */,
				BA5373A520D5498C00B098E1 /* Gist.swift in Sources */,
				BA5373B120D5538800B098E1 /* String+Localizible.swift in Sources */,
				BA5DAD7620D6822600F919E4 /* DetailGistView.swift in Sources */,
				BA53739020D4249800B098E1 /* NetworkRequest.swift in Sources */,
				BA53736120D3F6A000B098E1 /* AppDelegate.swift in Sources */,
				BA5DAD5720D56E8100F919E4 /* GistsListPresenterProtocol.swift in Sources */,
				BA5DAD5520D56D5F00F919E4 /* GistsListView.swift in Sources */,
				BA5DAD7C20D6847800F919E4 /* DetailGistAssembly.swift in Sources */,
				BA5DAD8020D68ACD00F919E4 /* Assembly.swift in Sources */,
				BA53739520D439F100B098E1 /* NetworkService.swift in Sources */,
				BA53739320D42A5F00B098E1 /* GistRequest.swift in Sources */,
				BA5DAD7A20D682AD00F919E4 /* DetailGistPresenter.swift in Sources */,
				BA5373A720D54DDA00B098E1 /* User.swift in Sources */,
				BA5DAD7320D681D400F919E4 /* DetailGistViewController.swift in Sources */,
				BA5DAD5F20D652AC00F919E4 /* DataProvider.swift in Sources */,
				BA5DAD5220D56D2500F919E4 /* GistsListAssembly.swift in Sources */,
				BA5373B420D55F8400B098E1 /* ModelMaker.swift in Sources */,
				BA5DAD6E20D6758B00F919E4 /* ImageRequest.swift in Sources */,
				BA53739A20D43F8000B098E1 /* Config.swift in Sources */,
			);
			runOnlyForDeploymentPostprocessing = 0;
		};
		BA53736D20D3F6A200B098E1 /* Sources */ = {
			isa = PBXSourcesBuildPhase;
			buildActionMask = 2147483647;
			files = (
			);
			runOnlyForDeploymentPostprocessing = 0;
		};
/* End PBXSourcesBuildPhase section */

/* Begin PBXTargetDependency section */
		BA53737320D3F6A200B098E1 /* PBXTargetDependency */ = {
			isa = PBXTargetDependency;
			target = BA53735C20D3F6A000B098E1 /* GHGistsViewer */;
			targetProxy = BA53737220D3F6A200B098E1 /* PBXContainerItemProxy */;
		};
/* End PBXTargetDependency section */

/* Begin PBXVariantGroup section */
		BA53736920D3F6A200B098E1 /* LaunchScreen.storyboard */ = {
			isa = PBXVariantGroup;
			children = (
				BA53736A20D3F6A200B098E1 /* Base */,
			);
			name = LaunchScreen.storyboard;
			sourceTree = "<group>";
		};
		BA5373AE20D552F500B098E1 /* Localizable.strings */ = {
			isa = PBXVariantGroup;
			children = (
				BA5373AD20D552F500B098E1 /* en */,
			);
			name = Localizable.strings;
			sourceTree = "<group>";
		};
/* End PBXVariantGroup section */

/* Begin XCBuildConfiguration section */
		BA53737820D3F6A200B098E1 /* Debug */ = {
			isa = XCBuildConfiguration;
			buildSettings = {
				ALWAYS_SEARCH_USER_PATHS = NO;
				CLANG_ANALYZER_NONNULL = YES;
				CLANG_ANALYZER_NUMBER_OBJECT_CONVERSION = YES_AGGRESSIVE;
				CLANG_CXX_LANGUAGE_STANDARD = "gnu++14";
				CLANG_CXX_LIBRARY = "libc++";
				CLANG_ENABLE_MODULES = YES;
				CLANG_ENABLE_OBJC_ARC = YES;
				CLANG_ENABLE_OBJC_WEAK = YES;
				CLANG_WARN_BLOCK_CAPTURE_AUTORELEASING = YES;
				CLANG_WARN_BOOL_CONVERSION = YES;
				CLANG_WARN_COMMA = YES;
				CLANG_WARN_CONSTANT_CONVERSION = YES;
				CLANG_WARN_DEPRECATED_OBJC_IMPLEMENTATIONS = YES;
				CLANG_WARN_DIRECT_OBJC_ISA_USAGE = YES_ERROR;
				CLANG_WARN_DOCUMENTATION_COMMENTS = YES;
				CLANG_WARN_EMPTY_BODY = YES;
				CLANG_WARN_ENUM_CONVERSION = YES;
				CLANG_WARN_INFINITE_RECURSION = YES;
				CLANG_WARN_INT_CONVERSION = YES;
				CLANG_WARN_NON_LITERAL_NULL_CONVERSION = YES;
				CLANG_WARN_OBJC_IMPLICIT_RETAIN_SELF = YES;
				CLANG_WARN_OBJC_LITERAL_CONVERSION = YES;
				CLANG_WARN_OBJC_ROOT_CLASS = YES_ERROR;
				CLANG_WARN_RANGE_LOOP_ANALYSIS = YES;
				CLANG_WARN_STRICT_PROTOTYPES = YES;
				CLANG_WARN_SUSPICIOUS_MOVE = YES;
				CLANG_WARN_UNGUARDED_AVAILABILITY = YES_AGGRESSIVE;
				CLANG_WARN_UNREACHABLE_CODE = YES;
				CLANG_WARN__DUPLICATE_METHOD_MATCH = YES;
				CODE_SIGN_IDENTITY = "iPhone Developer";
				COPY_PHASE_STRIP = NO;
				DEBUG_INFORMATION_FORMAT = dwarf;
				ENABLE_STRICT_OBJC_MSGSEND = YES;
				ENABLE_TESTABILITY = YES;
				GCC_C_LANGUAGE_STANDARD = gnu11;
				GCC_DYNAMIC_NO_PIC = NO;
				GCC_NO_COMMON_BLOCKS = YES;
				GCC_OPTIMIZATION_LEVEL = 0;
				GCC_PREPROCESSOR_DEFINITIONS = (
					"DEBUG=1",
					"$(inherited)",
				);
				GCC_WARN_64_TO_32_BIT_CONVERSION = YES;
				GCC_WARN_ABOUT_RETURN_TYPE = YES_ERROR;
				GCC_WARN_UNDECLARED_SELECTOR = YES;
				GCC_WARN_UNINITIALIZED_AUTOS = YES_AGGRESSIVE;
				GCC_WARN_UNUSED_FUNCTION = YES;
				GCC_WARN_UNUSED_VARIABLE = YES;
				IPHONEOS_DEPLOYMENT_TARGET = 11.4;
				MTL_ENABLE_DEBUG_INFO = YES;
				ONLY_ACTIVE_ARCH = YES;
				SDKROOT = iphoneos;
				SWIFT_ACTIVE_COMPILATION_CONDITIONS = DEBUG;
				SWIFT_OPTIMIZATION_LEVEL = "-Onone";
			};
			name = Debug;
		};
		BA53737920D3F6A200B098E1 /* Release */ = {
			isa = XCBuildConfiguration;
			buildSettings = {
				ALWAYS_SEARCH_USER_PATHS = NO;
				CLANG_ANALYZER_NONNULL = YES;
				CLANG_ANALYZER_NUMBER_OBJECT_CONVERSION = YES_AGGRESSIVE;
				CLANG_CXX_LANGUAGE_STANDARD = "gnu++14";
				CLANG_CXX_LIBRARY = "libc++";
				CLANG_ENABLE_MODULES = YES;
				CLANG_ENABLE_OBJC_ARC = YES;
				CLANG_ENABLE_OBJC_WEAK = YES;
				CLANG_WARN_BLOCK_CAPTURE_AUTORELEASING = YES;
				CLANG_WARN_BOOL_CONVERSION = YES;
				CLANG_WARN_COMMA = YES;
				CLANG_WARN_CONSTANT_CONVERSION = YES;
				CLANG_WARN_DEPRECATED_OBJC_IMPLEMENTATIONS = YES;
				CLANG_WARN_DIRECT_OBJC_ISA_USAGE = YES_ERROR;
				CLANG_WARN_DOCUMENTATION_COMMENTS = YES;
				CLANG_WARN_EMPTY_BODY = YES;
				CLANG_WARN_ENUM_CONVERSION = YES;
				CLANG_WARN_INFINITE_RECURSION = YES;
				CLANG_WARN_INT_CONVERSION = YES;
				CLANG_WARN_NON_LITERAL_NULL_CONVERSION = YES;
				CLANG_WARN_OBJC_IMPLICIT_RETAIN_SELF = YES;
				CLANG_WARN_OBJC_LITERAL_CONVERSION = YES;
				CLANG_WARN_OBJC_ROOT_CLASS = YES_ERROR;
				CLANG_WARN_RANGE_LOOP_ANALYSIS = YES;
				CLANG_WARN_STRICT_PROTOTYPES = YES;
				CLANG_WARN_SUSPICIOUS_MOVE = YES;
				CLANG_WARN_UNGUARDED_AVAILABILITY = YES_AGGRESSIVE;
				CLANG_WARN_UNREACHABLE_CODE = YES;
				CLANG_WARN__DUPLICATE_METHOD_MATCH = YES;
				CODE_SIGN_IDENTITY = "iPhone Developer";
				COPY_PHASE_STRIP = NO;
				DEBUG_INFORMATION_FORMAT = "dwarf-with-dsym";
				ENABLE_NS_ASSERTIONS = NO;
				ENABLE_STRICT_OBJC_MSGSEND = YES;
				GCC_C_LANGUAGE_STANDARD = gnu11;
				GCC_NO_COMMON_BLOCKS = YES;
				GCC_WARN_64_TO_32_BIT_CONVERSION = YES;
				GCC_WARN_ABOUT_RETURN_TYPE = YES_ERROR;
				GCC_WARN_UNDECLARED_SELECTOR = YES;
				GCC_WARN_UNINITIALIZED_AUTOS = YES_AGGRESSIVE;
				GCC_WARN_UNUSED_FUNCTION = YES;
				GCC_WARN_UNUSED_VARIABLE = YES;
				IPHONEOS_DEPLOYMENT_TARGET = 11.4;
				MTL_ENABLE_DEBUG_INFO = NO;
				SDKROOT = iphoneos;
				SWIFT_COMPILATION_MODE = wholemodule;
				SWIFT_OPTIMIZATION_LEVEL = "-O";
				VALIDATE_PRODUCT = YES;
			};
			name = Release;
		};
		BA53737B20D3F6A200B098E1 /* Debug */ = {
			isa = XCBuildConfiguration;
			buildSettings = {
				ASSETCATALOG_COMPILER_APPICON_NAME = AppIcon;
				CODE_SIGN_STYLE = Automatic;
				DEVELOPMENT_TEAM = CVDZUH3A96;
				INFOPLIST_FILE = GHGistsViewer/Info.plist;
				LD_RUNPATH_SEARCH_PATHS = (
					"$(inherited)",
					"@executable_path/Frameworks",
				);
				PRODUCT_BUNDLE_IDENTIFIER = com.bubblegum.GHGistsViewer;
				PRODUCT_NAME = "$(TARGET_NAME)";
				SWIFT_VERSION = 4.0;
				TARGETED_DEVICE_FAMILY = "1,2";
			};
			name = Debug;
		};
		BA53737C20D3F6A200B098E1 /* Release */ = {
			isa = XCBuildConfiguration;
			buildSettings = {
				ASSETCATALOG_COMPILER_APPICON_NAME = AppIcon;
				CODE_SIGN_STYLE = Automatic;
				DEVELOPMENT_TEAM = CVDZUH3A96;
				INFOPLIST_FILE = GHGistsViewer/Info.plist;
				LD_RUNPATH_SEARCH_PATHS = (
					"$(inherited)",
					"@executable_path/Frameworks",
				);
				PRODUCT_BUNDLE_IDENTIFIER = com.bubblegum.GHGistsViewer;
				PRODUCT_NAME = "$(TARGET_NAME)";
				SWIFT_VERSION = 4.0;
				TARGETED_DEVICE_FAMILY = "1,2";
			};
			name = Release;
		};
		BA53737E20D3F6A200B098E1 /* Debug */ = {
			isa = XCBuildConfiguration;
			buildSettings = {
				ALWAYS_EMBED_SWIFT_STANDARD_LIBRARIES = YES;
				BUNDLE_LOADER = "$(TEST_HOST)";
				CODE_SIGN_STYLE = Automatic;
				DEVELOPMENT_TEAM = CVDZUH3A96;
				INFOPLIST_FILE = GHGistsViewerTests/Info.plist;
				LD_RUNPATH_SEARCH_PATHS = (
					"$(inherited)",
					"@executable_path/Frameworks",
					"@loader_path/Frameworks",
				);
				PRODUCT_BUNDLE_IDENTIFIER = bubblegum.GHGistsViewerTests;
				PRODUCT_NAME = "$(TARGET_NAME)";
				SWIFT_VERSION = 4.0;
				TARGETED_DEVICE_FAMILY = "1,2";
				TEST_HOST = "$(BUILT_PRODUCTS_DIR)/GHGistsViewer.app/GHGistsViewer";
			};
			name = Debug;
		};
		BA53737F20D3F6A200B098E1 /* Release */ = {
			isa = XCBuildConfiguration;
			buildSettings = {
				ALWAYS_EMBED_SWIFT_STANDARD_LIBRARIES = YES;
				BUNDLE_LOADER = "$(TEST_HOST)";
				CODE_SIGN_STYLE = Automatic;
				DEVELOPMENT_TEAM = CVDZUH3A96;
				INFOPLIST_FILE = GHGistsViewerTests/Info.plist;
				LD_RUNPATH_SEARCH_PATHS = (
					"$(inherited)",
					"@executable_path/Frameworks",
					"@loader_path/Frameworks",
				);
				PRODUCT_BUNDLE_IDENTIFIER = bubblegum.GHGistsViewerTests;
				PRODUCT_NAME = "$(TARGET_NAME)";
				SWIFT_VERSION = 4.0;
				TARGETED_DEVICE_FAMILY = "1,2";
				TEST_HOST = "$(BUILT_PRODUCTS_DIR)/GHGistsViewer.app/GHGistsViewer";
			};
			name = Release;
		};
/* End XCBuildConfiguration section */

/* Begin XCConfigurationList section */
		BA53735820D3F6A000B098E1 /* Build configuration list for PBXProject "GHGistsViewer" */ = {
			isa = XCConfigurationList;
			buildConfigurations = (
				BA53737820D3F6A200B098E1 /* Debug */,
				BA53737920D3F6A200B098E1 /* Release */,
			);
			defaultConfigurationIsVisible = 0;
			defaultConfigurationName = Release;
		};
		BA53737A20D3F6A200B098E1 /* Build configuration list for PBXNativeTarget "GHGistsViewer" */ = {
			isa = XCConfigurationList;
			buildConfigurations = (
				BA53737B20D3F6A200B098E1 /* Debug */,
				BA53737C20D3F6A200B098E1 /* Release */,
			);
			defaultConfigurationIsVisible = 0;
			defaultConfigurationName = Release;
		};
		BA53737D20D3F6A200B098E1 /* Build configuration list for PBXNativeTarget "GHGistsViewerTests" */ = {
			isa = XCConfigurationList;
			buildConfigurations = (
				BA53737E20D3F6A200B098E1 /* Debug */,
				BA53737F20D3F6A200B098E1 /* Release */,
			);
			defaultConfigurationIsVisible = 0;
			defaultConfigurationName = Release;
		};
/* End XCConfigurationList section */
	};
	rootObject = BA53735520D3F6A000B098E1 /* Project object */;
}
